# This file is autogenerated, do not edit; changes may be undone by the next 'dep ensure'.


[[projects]]
  branch = "master"
  digest = "1:ff4764d96c6b56df8da6a41716261a6b36ea49c84e9b2604e34289093a0f83f3"
  name = "github.com/syossan27/tebata"
  packages = ["."]
  pruneopts = "UT"
  revision = "b283fe4bc5baae2724724077b1ca027b0dd9f0cc"

[solve-meta]
  analyzer-name = "dep"
  analyzer-version = 1
  input-imports = ["github.com/syossan27/tebata"]
  solver-name = "gps-cdcl"
  solver-version = 1
